# THIS IS AN AUTOGENERATED FILE. DO NOT EDIT THIS FILE DIRECTLY.
# yarn lockfile v1


"@hotwired/stimulus@^3.2.1":
  "integrity" "sha512-HGlzDcf9vv/EQrMJ5ZG6VWNs8Z/xMN+1o2OhV1gKiSG6CqZt5MCBB1gRg5ILiN3U0jEAxuDTNPRfBcnZBDmupQ=="
  "resolved" "https://registry.npmjs.org/@hotwired/stimulus/-/stimulus-3.2.1.tgz"
  "version" "3.2.1"

"@kurkle/color@^0.3.0":
  "integrity" "sha512-fuscdXJ9G1qb7W8VdHi+IwRqij3lBkosAm4ydQtEmbY58OzHXqQhvlxqEkoz0yssNVn38bcpRWgA9PP+OGoisw=="
  "resolved" "https://registry.npmjs.org/@kurkle/color/-/color-0.3.2.tgz"
  "version" "0.3.2"

"chart.js@^4.2.0":
  "integrity" "sha512-wbtcV+QKeH0F7gQZaCJEIpsNriFheacouJQTVIjITi3eQA8bTlIBoknz0+dgV79aeKLNMAX+nDslIVE/nJ3rzA=="
  "resolved" "https://registry.npmjs.org/chart.js/-/chart.js-4.2.0.tgz"
  "version" "4.2.0"
  dependencies:
    "@kurkle/color" "^0.3.0"
